
Microsoft Visual Studio Solution File, Format Version 12.00
# Visual Studio Version 17
VisualStudioVersion = 17.7.34018.315
MinimumVisualStudioVersion = 10.0.40219.1
Project("{FAE04EC0-301F-11D3-BF4B-00C04F79EFBC}") = "Övning C#", "Övning C#.csproj", "{BEBBEBE6-2CD8-4A02-A01B-8F018E4E148F}"
EndProject
Global
	GlobalSection(SolutionConfigurationPlatforms) = preSolution
		Debug|Any CPU = Debug|Any CPU
		Release|Any CPU = Release|Any CPU
	EndGlobalSection
	GlobalSection(ProjectConfigurationPlatforms) = postSolution
		{BEBBEBE6-2CD8-4A02-A01B-8F018E4E148F}.Debug|Any CPU.ActiveCfg = Debug|Any CPU
		{BEBBEBE6-2CD8-4A02-A01B-8F018E4E148F}.Debug|Any CPU.Build.0 = Debug|Any CPU
		{BEBBEBE6-2CD8-4A02-A01B-8F018E4E148F}.Release|Any CPU.ActiveCfg = Release|Any CPU
		{BEBBEBE6-2CD8-4A02-A01B-8F018E4E148F}.Release|Any CPU.Build.0 = Release|Any CPU
	EndGlobalSection
	GlobalSection(SolutionProperties) = preSolution
		HideSolutionNode = FALSE
	EndGlobalSection
	GlobalSection(ExtensibilityGlobals) = postSolution
		SolutionGuid = {E39D6C9B-24DA-426E-B6A8-C56F29596618}
	EndGlobalSection
EndGlobal
